// !$*UTF8*$!
{
	archiveVersion = 1;
	classes = {
	};
	objectVersion = 55;
	objects = {

/* Begin PBXBuildFile section */
		0B8C2C4EEB656C597BE00018 /* Pods_PersonalBettingProjectTests.framework in Frameworks */ = {isa = PBXBuildFile; fileRef = F5A08FA2505D4CC5D0669C37 /* Pods_PersonalBettingProjectTests.framework */; };
		175D204627D9E64900BCB00D /* AppDelegate.swift in Sources */ = {isa = PBXBuildFile; fileRef = 175D204527D9E64900BCB00D /* AppDelegate.swift */; };
		175D204827D9E64900BCB00D /* SceneDelegate.swift in Sources */ = {isa = PBXBuildFile; fileRef = 175D204727D9E64900BCB00D /* SceneDelegate.swift */; };
		175D204A27D9E64900BCB00D /* MainViewController.swift in Sources */ = {isa = PBXBuildFile; fileRef = 175D204927D9E64900BCB00D /* MainViewController.swift */; };
		175D204D27D9E64900BCB00D /* Main.storyboard in Resources */ = {isa = PBXBuildFile; fileRef = 175D204B27D9E64900BCB00D /* Main.storyboard */; };
		175D204F27D9E64A00BCB00D /* Assets.xcassets in Resources */ = {isa = PBXBuildFile; fileRef = 175D204E27D9E64A00BCB00D /* Assets.xcassets */; };
		175D205227D9E64A00BCB00D /* LaunchScreen.storyboard in Resources */ = {isa = PBXBuildFile; fileRef = 175D205027D9E64A00BCB00D /* LaunchScreen.storyboard */; };
		175D205D27D9E64B00BCB00D /* PersonalBettingProjectTests.swift in Sources */ = {isa = PBXBuildFile; fileRef = 175D205C27D9E64B00BCB00D /* PersonalBettingProjectTests.swift */; };
		175D206727D9E64B00BCB00D /* PersonalBettingProjectUITests.swift in Sources */ = {isa = PBXBuildFile; fileRef = 175D206627D9E64B00BCB00D /* PersonalBettingProjectUITests.swift */; };
		175D206927D9E64B00BCB00D /* PersonalBettingProjectUITestsLaunchTests.swift in Sources */ = {isa = PBXBuildFile; fileRef = 175D206827D9E64B00BCB00D /* PersonalBettingProjectUITestsLaunchTests.swift */; };
		17CD321927DB3E5B004AADA1 /* Constants.swift in Sources */ = {isa = PBXBuildFile; fileRef = 17CD321827DB3E5B004AADA1 /* Constants.swift */; };
		17CD321B27DB3F92004AADA1 /* NetworkManager.swift in Sources */ = {isa = PBXBuildFile; fileRef = 17CD321A27DB3F92004AADA1 /* NetworkManager.swift */; };
		17F756D527DB41E7003337D9 /* NetworkManager+InternalExtension.swift in Sources */ = {isa = PBXBuildFile; fileRef = 17F756D427DB41E7003337D9 /* NetworkManager+InternalExtension.swift */; };
		17F756D927DB4234003337D9 /* HTTPMethod.swift in Sources */ = {isa = PBXBuildFile; fileRef = 17F756D827DB4234003337D9 /* HTTPMethod.swift */; };
		17F756DB27DB43EB003337D9 /* ServiceErrors.swift in Sources */ = {isa = PBXBuildFile; fileRef = 17F756DA27DB43EB003337D9 /* ServiceErrors.swift */; };
		17F756DD27DB44F0003337D9 /* NetworkManagerError.swift in Sources */ = {isa = PBXBuildFile; fileRef = 17F756DC27DB44F0003337D9 /* NetworkManagerError.swift */; };
		17F756E027DB475C003337D9 /* BettingSports.swift in Sources */ = {isa = PBXBuildFile; fileRef = 17F756DF27DB475C003337D9 /* BettingSports.swift */; };
		17F756E327DB49BE003337D9 /* BettingMatch.swift in Sources */ = {isa = PBXBuildFile; fileRef = 17F756E227DB49BE003337D9 /* BettingMatch.swift */; };
		17F756EB27DB5AA3003337D9 /* HeaderView.xib in Resources */ = {isa = PBXBuildFile; fileRef = 17F756E927DB5AA3003337D9 /* HeaderView.xib */; };
		17F756EC27DB5AA3003337D9 /* HeaderView.swift in Sources */ = {isa = PBXBuildFile; fileRef = 17F756EA27DB5AA3003337D9 /* HeaderView.swift */; };
		17F756EF27DB5B29003337D9 /* GenericViewController.swift in Sources */ = {isa = PBXBuildFile; fileRef = 17F756EE27DB5B29003337D9 /* GenericViewController.swift */; };
		17F756F127DB6F0C003337D9 /* NibNames.swift in Sources */ = {isa = PBXBuildFile; fileRef = 17F756F027DB6F0C003337D9 /* NibNames.swift */; };
		603CB13B1F132BFF3FF4B78B /* Pods_PersonalBettingProject_PersonalBettingProjectUITests.framework in Frameworks */ = {isa = PBXBuildFile; fileRef = 82F4C78D6ACB0F216DF54F11 /* Pods_PersonalBettingProject_PersonalBettingProjectUITests.framework */; };
		E43733838C825EF09D1EA600 /* Pods_PersonalBettingProject.framework in Frameworks */ = {isa = PBXBuildFile; fileRef = A5D56E41ADEF14A8E700448F /* Pods_PersonalBettingProject.framework */; };
/* End PBXBuildFile section */

/* Begin PBXContainerItemProxy section */
		175D205927D9E64B00BCB00D /* PBXContainerItemProxy */ = {
			isa = PBXContainerItemProxy;
			containerPortal = 175D203A27D9E64900BCB00D /* Project object */;
			proxyType = 1;
			remoteGlobalIDString = 175D204127D9E64900BCB00D;
			remoteInfo = PersonalBettingProject;
		};
		175D206327D9E64B00BCB00D /* PBXContainerItemProxy */ = {
			isa = PBXContainerItemProxy;
			containerPortal = 175D203A27D9E64900BCB00D /* Project object */;
			proxyType = 1;
			remoteGlobalIDString = 175D204127D9E64900BCB00D;
			remoteInfo = PersonalBettingProject;
		};
/* End PBXContainerItemProxy section */

/* Begin PBXFileReference section */
		175D204227D9E64900BCB00D /* PersonalBettingProject.app */ = {isa = PBXFileReference; explicitFileType = wrapper.application; includeInIndex = 0; path = PersonalBettingProject.app; sourceTree = BUILT_PRODUCTS_DIR; };
		175D204527D9E64900BCB00D /* AppDelegate.swift */ = {isa = PBXFileReference; lastKnownFileType = sourcecode.swift; path = AppDelegate.swift; sourceTree = "<group>"; };
		175D204727D9E64900BCB00D /* SceneDelegate.swift */ = {isa = PBXFileReference; lastKnownFileType = sourcecode.swift; path = SceneDelegate.swift; sourceTree = "<group>"; };
		175D204927D9E64900BCB00D /* MainViewController.swift */ = {isa = PBXFileReference; lastKnownFileType = sourcecode.swift; path = MainViewController.swift; sourceTree = "<group>"; };
		175D204C27D9E64900BCB00D /* Base */ = {isa = PBXFileReference; lastKnownFileType = file.storyboard; name = Base; path = Base.lproj/Main.storyboard; sourceTree = "<group>"; };
		175D204E27D9E64A00BCB00D /* Assets.xcassets */ = {isa = PBXFileReference; lastKnownFileType = folder.assetcatalog; path = Assets.xcassets; sourceTree = "<group>"; };
		175D205127D9E64A00BCB00D /* Base */ = {isa = PBXFileReference; lastKnownFileType = file.storyboard; name = Base; path = Base.lproj/LaunchScreen.storyboard; sourceTree = "<group>"; };
		175D205327D9E64A00BCB00D /* Info.plist */ = {isa = PBXFileReference; lastKnownFileType = text.plist.xml; path = Info.plist; sourceTree = "<group>"; };
		175D205827D9E64B00BCB00D /* PersonalBettingProjectTests.xctest */ = {isa = PBXFileReference; explicitFileType = wrapper.cfbundle; includeInIndex = 0; path = PersonalBettingProjectTests.xctest; sourceTree = BUILT_PRODUCTS_DIR; };
		175D205C27D9E64B00BCB00D /* PersonalBettingProjectTests.swift */ = {isa = PBXFileReference; lastKnownFileType = sourcecode.swift; path = PersonalBettingProjectTests.swift; sourceTree = "<group>"; };
		175D206227D9E64B00BCB00D /* PersonalBettingProjectUITests.xctest */ = {isa = PBXFileReference; explicitFileType = wrapper.cfbundle; includeInIndex = 0; path = PersonalBettingProjectUITests.xctest; sourceTree = BUILT_PRODUCTS_DIR; };
		175D206627D9E64B00BCB00D /* PersonalBettingProjectUITests.swift */ = {isa = PBXFileReference; lastKnownFileType = sourcecode.swift; path = PersonalBettingProjectUITests.swift; sourceTree = "<group>"; };
		175D206827D9E64B00BCB00D /* PersonalBettingProjectUITestsLaunchTests.swift */ = {isa = PBXFileReference; lastKnownFileType = sourcecode.swift; path = PersonalBettingProjectUITestsLaunchTests.swift; sourceTree = "<group>"; };
		17CD321827DB3E5B004AADA1 /* Constants.swift */ = {isa = PBXFileReference; lastKnownFileType = sourcecode.swift; path = Constants.swift; sourceTree = "<group>"; };
		17CD321A27DB3F92004AADA1 /* NetworkManager.swift */ = {isa = PBXFileReference; lastKnownFileType = sourcecode.swift; path = NetworkManager.swift; sourceTree = "<group>"; };
		17F756D427DB41E7003337D9 /* NetworkManager+InternalExtension.swift */ = {isa = PBXFileReference; lastKnownFileType = sourcecode.swift; path = "NetworkManager+InternalExtension.swift"; sourceTree = "<group>"; };
		17F756D827DB4234003337D9 /* HTTPMethod.swift */ = {isa = PBXFileReference; lastKnownFileType = sourcecode.swift; path = HTTPMethod.swift; sourceTree = "<group>"; };
		17F756DA27DB43EB003337D9 /* ServiceErrors.swift */ = {isa = PBXFileReference; lastKnownFileType = sourcecode.swift; path = ServiceErrors.swift; sourceTree = "<group>"; };
		17F756DC27DB44F0003337D9 /* NetworkManagerError.swift */ = {isa = PBXFileReference; lastKnownFileType = sourcecode.swift; path = NetworkManagerError.swift; sourceTree = "<group>"; };
		17F756DF27DB475C003337D9 /* BettingSports.swift */ = {isa = PBXFileReference; lastKnownFileType = sourcecode.swift; path = BettingSports.swift; sourceTree = "<group>"; };
		17F756E227DB49BE003337D9 /* BettingMatch.swift */ = {isa = PBXFileReference; lastKnownFileType = sourcecode.swift; path = BettingMatch.swift; sourceTree = "<group>"; };
		17F756E927DB5AA3003337D9 /* HeaderView.xib */ = {isa = PBXFileReference; fileEncoding = 4; lastKnownFileType = file.xib; path = HeaderView.xib; sourceTree = "<group>"; };
		17F756EA27DB5AA3003337D9 /* HeaderView.swift */ = {isa = PBXFileReference; fileEncoding = 4; lastKnownFileType = sourcecode.swift; path = HeaderView.swift; sourceTree = "<group>"; };
		17F756EE27DB5B29003337D9 /* GenericViewController.swift */ = {isa = PBXFileReference; fileEncoding = 4; lastKnownFileType = sourcecode.swift; path = GenericViewController.swift; sourceTree = "<group>"; };
		17F756F027DB6F0C003337D9 /* NibNames.swift */ = {isa = PBXFileReference; fileEncoding = 4; lastKnownFileType = sourcecode.swift; path = NibNames.swift; sourceTree = "<group>"; };
		17F91F645B1FB2EC220F6477 /* Pods-PersonalBettingProject-PersonalBettingProjectUITests.release.xcconfig */ = {isa = PBXFileReference; includeInIndex = 1; lastKnownFileType = text.xcconfig; name = "Pods-PersonalBettingProject-PersonalBettingProjectUITests.release.xcconfig"; path = "Target Support Files/Pods-PersonalBettingProject-PersonalBettingProjectUITests/Pods-PersonalBettingProject-PersonalBettingProjectUITests.release.xcconfig"; sourceTree = "<group>"; };
		4CDD5F8BA9A45F69C863F2C1 /* Pods-PersonalBettingProject-PersonalBettingProjectUITests.debug.xcconfig */ = {isa = PBXFileReference; includeInIndex = 1; lastKnownFileType = text.xcconfig; name = "Pods-PersonalBettingProject-PersonalBettingProjectUITests.debug.xcconfig"; path = "Target Support Files/Pods-PersonalBettingProject-PersonalBettingProjectUITests/Pods-PersonalBettingProject-PersonalBettingProjectUITests.debug.xcconfig"; sourceTree = "<group>"; };
		6E6F9F05DF3657EE060DCF4C /* Pods-PersonalBettingProjectTests.release.xcconfig */ = {isa = PBXFileReference; includeInIndex = 1; lastKnownFileType = text.xcconfig; name = "Pods-PersonalBettingProjectTests.release.xcconfig"; path = "Target Support Files/Pods-PersonalBettingProjectTests/Pods-PersonalBettingProjectTests.release.xcconfig"; sourceTree = "<group>"; };
		82F4C78D6ACB0F216DF54F11 /* Pods_PersonalBettingProject_PersonalBettingProjectUITests.framework */ = {isa = PBXFileReference; explicitFileType = wrapper.framework; includeInIndex = 0; path = Pods_PersonalBettingProject_PersonalBettingProjectUITests.framework; sourceTree = BUILT_PRODUCTS_DIR; };
		911B69D95A269398386DC9EF /* Pods-PersonalBettingProjectTests.debug.xcconfig */ = {isa = PBXFileReference; includeInIndex = 1; lastKnownFileType = text.xcconfig; name = "Pods-PersonalBettingProjectTests.debug.xcconfig"; path = "Target Support Files/Pods-PersonalBettingProjectTests/Pods-PersonalBettingProjectTests.debug.xcconfig"; sourceTree = "<group>"; };
		A5D56E41ADEF14A8E700448F /* Pods_PersonalBettingProject.framework */ = {isa = PBXFileReference; explicitFileType = wrapper.framework; includeInIndex = 0; path = Pods_PersonalBettingProject.framework; sourceTree = BUILT_PRODUCTS_DIR; };
		A8EBB73CD6700D99B26AC0E4 /* Pods-PersonalBettingProject.release.xcconfig */ = {isa = PBXFileReference; includeInIndex = 1; lastKnownFileType = text.xcconfig; name = "Pods-PersonalBettingProject.release.xcconfig"; path = "Target Support Files/Pods-PersonalBettingProject/Pods-PersonalBettingProject.release.xcconfig"; sourceTree = "<group>"; };
		AABC4EC3599CD14483110E70 /* Pods-PersonalBettingProject.debug.xcconfig */ = {isa = PBXFileReference; includeInIndex = 1; lastKnownFileType = text.xcconfig; name = "Pods-PersonalBettingProject.debug.xcconfig"; path = "Target Support Files/Pods-PersonalBettingProject/Pods-PersonalBettingProject.debug.xcconfig"; sourceTree = "<group>"; };
		F5A08FA2505D4CC5D0669C37 /* Pods_PersonalBettingProjectTests.framework */ = {isa = PBXFileReference; explicitFileType = wrapper.framework; includeInIndex = 0; path = Pods_PersonalBettingProjectTests.framework; sourceTree = BUILT_PRODUCTS_DIR; };
/* End PBXFileReference section */

/* Begin PBXFrameworksBuildPhase section */
		175D203F27D9E64900BCB00D /* Frameworks */ = {
			isa = PBXFrameworksBuildPhase;
			buildActionMask = 2147483647;
			files = (
				E43733838C825EF09D1EA600 /* Pods_PersonalBettingProject.framework in Frameworks */,
			);
			runOnlyForDeploymentPostprocessing = 0;
		};
		175D205527D9E64B00BCB00D /* Frameworks */ = {
			isa = PBXFrameworksBuildPhase;
			buildActionMask = 2147483647;
			files = (
				0B8C2C4EEB656C597BE00018 /* Pods_PersonalBettingProjectTests.framework in Frameworks */,
			);
			runOnlyForDeploymentPostprocessing = 0;
		};
		175D205F27D9E64B00BCB00D /* Frameworks */ = {
			isa = PBXFrameworksBuildPhase;
			buildActionMask = 2147483647;
			files = (
				603CB13B1F132BFF3FF4B78B /* Pods_PersonalBettingProject_PersonalBettingProjectUITests.framework in Frameworks */,
			);
			runOnlyForDeploymentPostprocessing = 0;
		};
/* End PBXFrameworksBuildPhase section */

/* Begin PBXGroup section */
		0F206EB0263E5981DF0E11FA /* Frameworks */ = {
			isa = PBXGroup;
			children = (
				A5D56E41ADEF14A8E700448F /* Pods_PersonalBettingProject.framework */,
				82F4C78D6ACB0F216DF54F11 /* Pods_PersonalBettingProject_PersonalBettingProjectUITests.framework */,
				F5A08FA2505D4CC5D0669C37 /* Pods_PersonalBettingProjectTests.framework */,
			);
			name = Frameworks;
			sourceTree = "<group>";
		};
		175A848227DA83FC0062116C /* Pages */ = {
			isa = PBXGroup;
			children = (
				17F756ED27DB5AEF003337D9 /* Generic */,
				175A848327DA840E0062116C /* Main */,
			);
			path = Pages;
			sourceTree = "<group>";
		};
		175A848327DA840E0062116C /* Main */ = {
			isa = PBXGroup;
			children = (
				175D204B27D9E64900BCB00D /* Main.storyboard */,
				175D204927D9E64900BCB00D /* MainViewController.swift */,
			);
			path = Main;
			sourceTree = "<group>";
		};
		175D203927D9E64900BCB00D = {
			isa = PBXGroup;
			children = (
				175D204427D9E64900BCB00D /* PersonalBettingProject */,
				175D205B27D9E64B00BCB00D /* PersonalBettingProjectTests */,
				175D206527D9E64B00BCB00D /* PersonalBettingProjectUITests */,
				175D204327D9E64900BCB00D /* Products */,
				2EB45ABFD2C40BB2E9496D41 /* Pods */,
				0F206EB0263E5981DF0E11FA /* Frameworks */,
			);
			sourceTree = "<group>";
		};
		175D204327D9E64900BCB00D /* Products */ = {
			isa = PBXGroup;
			children = (
				175D204227D9E64900BCB00D /* PersonalBettingProject.app */,
				175D205827D9E64B00BCB00D /* PersonalBettingProjectTests.xctest */,
				175D206227D9E64B00BCB00D /* PersonalBettingProjectUITests.xctest */,
			);
			name = Products;
			sourceTree = "<group>";
		};
		175D204427D9E64900BCB00D /* PersonalBettingProject */ = {
			isa = PBXGroup;
			children = (
				17F756E427DB58A5003337D9 /* SharedViews */,
				17F756DE27DB458C003337D9 /* Models */,
				17F756D727DB4227003337D9 /* Enums */,
				17F756D627DB41EC003337D9 /* Extensions */,
				17CD321727DB3E45004AADA1 /* Managers */,
				175A848227DA83FC0062116C /* Pages */,
				175D207527DA104C00BCB00D /* Resources */,
				175D205327D9E64A00BCB00D /* Info.plist */,
			);
			path = PersonalBettingProject;
			sourceTree = "<group>";
		};
		175D205B27D9E64B00BCB00D /* PersonalBettingProjectTests */ = {
			isa = PBXGroup;
			children = (
				175D205C27D9E64B00BCB00D /* PersonalBettingProjectTests.swift */,
			);
			path = PersonalBettingProjectTests;
			sourceTree = "<group>";
		};
		175D206527D9E64B00BCB00D /* PersonalBettingProjectUITests */ = {
			isa = PBXGroup;
			children = (
				175D206627D9E64B00BCB00D /* PersonalBettingProjectUITests.swift */,
				175D206827D9E64B00BCB00D /* PersonalBettingProjectUITestsLaunchTests.swift */,
			);
			path = PersonalBettingProjectUITests;
			sourceTree = "<group>";
		};
		175D207527DA104C00BCB00D /* Resources */ = {
			isa = PBXGroup;
			children = (
				175D205027D9E64A00BCB00D /* LaunchScreen.storyboard */,
				175D204E27D9E64A00BCB00D /* Assets.xcassets */,
				175D204727D9E64900BCB00D /* SceneDelegate.swift */,
				175D204527D9E64900BCB00D /* AppDelegate.swift */,
				17CD321827DB3E5B004AADA1 /* Constants.swift */,
			);
			path = Resources;
			sourceTree = "<group>";
		};
		17CD321727DB3E45004AADA1 /* Managers */ = {
			isa = PBXGroup;
			children = (
				17CD321A27DB3F92004AADA1 /* NetworkManager.swift */,
			);
			path = Managers;
			sourceTree = "<group>";
		};
		17F756D627DB41EC003337D9 /* Extensions */ = {
			isa = PBXGroup;
			children = (
				17F756D427DB41E7003337D9 /* NetworkManager+InternalExtension.swift */,
			);
			path = Extensions;
			sourceTree = "<group>";
		};
		17F756D727DB4227003337D9 /* Enums */ = {
			isa = PBXGroup;
			children = (
				17F756F027DB6F0C003337D9 /* NibNames.swift */,
				17F756D827DB4234003337D9 /* HTTPMethod.swift */,
				17F756DA27DB43EB003337D9 /* ServiceErrors.swift */,
				17F756DC27DB44F0003337D9 /* NetworkManagerError.swift */,
			);
			path = Enums;
			sourceTree = "<group>";
		};
		17F756DE27DB458C003337D9 /* Models */ = {
			isa = PBXGroup;
			children = (
				17F756E127DB49AE003337D9 /* Responses */,
			);
			path = Models;
			sourceTree = "<group>";
		};
		17F756E127DB49AE003337D9 /* Responses */ = {
			isa = PBXGroup;
			children = (
				17F756DF27DB475C003337D9 /* BettingSports.swift */,
				17F756E227DB49BE003337D9 /* BettingMatch.swift */,
			);
			path = Responses;
			sourceTree = "<group>";
		};
		17F756E427DB58A5003337D9 /* SharedViews */ = {
			isa = PBXGroup;
			children = (
				17F756EA27DB5AA3003337D9 /* HeaderView.swift */,
				17F756E927DB5AA3003337D9 /* HeaderView.xib */,
			);
			path = SharedViews;
			sourceTree = "<group>";
		};
		17F756ED27DB5AEF003337D9 /* Generic */ = {
			isa = PBXGroup;
			children = (
				17F756EE27DB5B29003337D9 /* GenericViewController.swift */,
			);
			path = Generic;
			sourceTree = "<group>";
		};
		2EB45ABFD2C40BB2E9496D41 /* Pods */ = {
			isa = PBXGroup;
			children = (
				AABC4EC3599CD14483110E70 /* Pods-PersonalBettingProject.debug.xcconfig */,
				A8EBB73CD6700D99B26AC0E4 /* Pods-PersonalBettingProject.release.xcconfig */,
				4CDD5F8BA9A45F69C863F2C1 /* Pods-PersonalBettingProject-PersonalBettingProjectUITests.debug.xcconfig */,
				17F91F645B1FB2EC220F6477 /* Pods-PersonalBettingProject-PersonalBettingProjectUITests.release.xcconfig */,
				911B69D95A269398386DC9EF /* Pods-PersonalBettingProjectTests.debug.xcconfig */,
				6E6F9F05DF3657EE060DCF4C /* Pods-PersonalBettingProjectTests.release.xcconfig */,
			);
			path = Pods;
			sourceTree = "<group>";
		};
/* End PBXGroup section */

/* Begin PBXNativeTarget section */
		175D204127D9E64900BCB00D /* PersonalBettingProject */ = {
			isa = PBXNativeTarget;
			buildConfigurationList = 175D206C27D9E64B00BCB00D /* Build configuration list for PBXNativeTarget "PersonalBettingProject" */;
			buildPhases = (
				E7046B40A0ECEB9A10EAED2C /* [CP] Check Pods Manifest.lock */,
				175D203E27D9E64900BCB00D /* Sources */,
				175D203F27D9E64900BCB00D /* Frameworks */,
				175D204027D9E64900BCB00D /* Resources */,
				CC17A1C72E38476E37C8963A /* [CP] Embed Pods Frameworks */,
			);
			buildRules = (
			);
			dependencies = (
			);
			name = PersonalBettingProject;
			productName = PersonalBettingProject;
			productReference = 175D204227D9E64900BCB00D /* PersonalBettingProject.app */;
			productType = "com.apple.product-type.application";
		};
		175D205727D9E64B00BCB00D /* PersonalBettingProjectTests */ = {
			isa = PBXNativeTarget;
			buildConfigurationList = 175D206F27D9E64B00BCB00D /* Build configuration list for PBXNativeTarget "PersonalBettingProjectTests" */;
			buildPhases = (
				F884C7E65C94CA4BBC4117ED /* [CP] Check Pods Manifest.lock */,
				175D205427D9E64B00BCB00D /* Sources */,
				175D205527D9E64B00BCB00D /* Frameworks */,
				175D205627D9E64B00BCB00D /* Resources */,
			);
			buildRules = (
			);
			dependencies = (
				175D205A27D9E64B00BCB00D /* PBXTargetDependency */,
			);
			name = PersonalBettingProjectTests;
			productName = PersonalBettingProjectTests;
			productReference = 175D205827D9E64B00BCB00D /* PersonalBettingProjectTests.xctest */;
			productType = "com.apple.product-type.bundle.unit-test";
		};
		175D206127D9E64B00BCB00D /* PersonalBettingProjectUITests */ = {
			isa = PBXNativeTarget;
			buildConfigurationList = 175D207227D9E64B00BCB00D /* Build configuration list for PBXNativeTarget "PersonalBettingProjectUITests" */;
			buildPhases = (
				239B19D711ACE004C416561A /* [CP] Check Pods Manifest.lock */,
				175D205E27D9E64B00BCB00D /* Sources */,
				175D205F27D9E64B00BCB00D /* Frameworks */,
				175D206027D9E64B00BCB00D /* Resources */,
				DC09FF8F6012B140915D7465 /* [CP] Embed Pods Frameworks */,
			);
			buildRules = (
			);
			dependencies = (
				175D206427D9E64B00BCB00D /* PBXTargetDependency */,
			);
			name = PersonalBettingProjectUITests;
			productName = PersonalBettingProjectUITests;
			productReference = 175D206227D9E64B00BCB00D /* PersonalBettingProjectUITests.xctest */;
			productType = "com.apple.product-type.bundle.ui-testing";
		};
/* End PBXNativeTarget section */

/* Begin PBXProject section */
		175D203A27D9E64900BCB00D /* Project object */ = {
			isa = PBXProject;
			attributes = {
				BuildIndependentTargetsInParallel = 1;
				LastSwiftUpdateCheck = 1320;
				LastUpgradeCheck = 1320;
				TargetAttributes = {
					175D204127D9E64900BCB00D = {
						CreatedOnToolsVersion = 13.2.1;
					};
					175D205727D9E64B00BCB00D = {
						CreatedOnToolsVersion = 13.2.1;
						TestTargetID = 175D204127D9E64900BCB00D;
					};
					175D206127D9E64B00BCB00D = {
						CreatedOnToolsVersion = 13.2.1;
						TestTargetID = 175D204127D9E64900BCB00D;
					};
				};
			};
			buildConfigurationList = 175D203D27D9E64900BCB00D /* Build configuration list for PBXProject "PersonalBettingProject" */;
			compatibilityVersion = "Xcode 13.0";
			developmentRegion = en;
			hasScannedForEncodings = 0;
			knownRegions = (
				en,
				Base,
			);
			mainGroup = 175D203927D9E64900BCB00D;
			productRefGroup = 175D204327D9E64900BCB00D /* Products */;
			projectDirPath = "";
			projectRoot = "";
			targets = (
				175D204127D9E64900BCB00D /* PersonalBettingProject */,
				175D205727D9E64B00BCB00D /* PersonalBettingProjectTests */,
				175D206127D9E64B00BCB00D /* PersonalBettingProjectUITests */,
			);
		};
/* End PBXProject section */

/* Begin PBXResourcesBuildPhase section */
		175D204027D9E64900BCB00D /* Resources */ = {
			isa = PBXResourcesBuildPhase;
			buildActionMask = 2147483647;
			files = (
				175D205227D9E64A00BCB00D /* LaunchScreen.storyboard in Resources */,
				175D204F27D9E64A00BCB00D /* Assets.xcassets in Resources */,
				175D204D27D9E64900BCB00D /* Main.storyboard in Resources */,
				17F756EB27DB5AA3003337D9 /* HeaderView.xib in Resources */,
			);
			runOnlyForDeploymentPostprocessing = 0;
		};
		175D205627D9E64B00BCB00D /* Resources */ = {
			isa = PBXResourcesBuildPhase;
			buildActionMask = 2147483647;
			files = (
			);
			runOnlyForDeploymentPostprocessing = 0;
		};
		175D206027D9E64B00BCB00D /* Resources */ = {
			isa = PBXResourcesBuildPhase;
			buildActionMask = 2147483647;
			files = (
			);
			runOnlyForDeploymentPostprocessing = 0;
		};
/* End PBXResourcesBuildPhase section */

/* Begin PBXShellScriptBuildPhase section */
		239B19D711ACE004C416561A /* [CP] Check Pods Manifest.lock */ = {
			isa = PBXShellScriptBuildPhase;
			buildActionMask = 2147483647;
			files = (
			);
			inputFileListPaths = (
			);
			inputPaths = (
				"${PODS_PODFILE_DIR_PATH}/Podfile.lock",
				"${PODS_ROOT}/Manifest.lock",
			);
			name = "[CP] Check Pods Manifest.lock";
			outputFileListPaths = (
			);
			outputPaths = (
				"$(DERIVED_FILE_DIR)/Pods-PersonalBettingProject-PersonalBettingProjectUITests-checkManifestLockResult.txt",
			);
			runOnlyForDeploymentPostprocessing = 0;
			shellPath = /bin/sh;
			shellScript = "diff \"${PODS_PODFILE_DIR_PATH}/Podfile.lock\" \"${PODS_ROOT}/Manifest.lock\" > /dev/null\nif [ $? != 0 ] ; then\n    # print error to STDERR\n    echo \"error: The sandbox is not in sync with the Podfile.lock. Run 'pod install' or update your CocoaPods installation.\" >&2\n    exit 1\nfi\n# This output is used by Xcode 'outputs' to avoid re-running this script phase.\necho \"SUCCESS\" > \"${SCRIPT_OUTPUT_FILE_0}\"\n";
			showEnvVarsInLog = 0;
		};
		CC17A1C72E38476E37C8963A /* [CP] Embed Pods Frameworks */ = {
			isa = PBXShellScriptBuildPhase;
			buildActionMask = 2147483647;
			files = (
			);
			inputFileListPaths = (
				"${PODS_ROOT}/Target Support Files/Pods-PersonalBettingProject/Pods-PersonalBettingProject-frameworks-${CONFIGURATION}-input-files.xcfilelist",
			);
			name = "[CP] Embed Pods Frameworks";
			outputFileListPaths = (
				"${PODS_ROOT}/Target Support Files/Pods-PersonalBettingProject/Pods-PersonalBettingProject-frameworks-${CONFIGURATION}-output-files.xcfilelist",
			);
			runOnlyForDeploymentPostprocessing = 0;
			shellPath = /bin/sh;
			shellScript = "\"${PODS_ROOT}/Target Support Files/Pods-PersonalBettingProject/Pods-PersonalBettingProject-frameworks.sh\"\n";
			showEnvVarsInLog = 0;
		};
		DC09FF8F6012B140915D7465 /* [CP] Embed Pods Frameworks */ = {
			isa = PBXShellScriptBuildPhase;
			buildActionMask = 2147483647;
			files = (
			);
			inputFileListPaths = (
				"${PODS_ROOT}/Target Support Files/Pods-PersonalBettingProject-PersonalBettingProjectUITests/Pods-PersonalBettingProject-PersonalBettingProjectUITests-frameworks-${CONFIGURATION}-input-files.xcfilelist",
			);
			name = "[CP] Embed Pods Frameworks";
			outputFileListPaths = (
				"${PODS_ROOT}/Target Support Files/Pods-PersonalBettingProject-PersonalBettingProjectUITests/Pods-PersonalBettingProject-PersonalBettingProjectUITests-frameworks-${CONFIGURATION}-output-files.xcfilelist",
			);
			runOnlyForDeploymentPostprocessing = 0;
			shellPath = /bin/sh;
			shellScript = "\"${PODS_ROOT}/Target Support Files/Pods-PersonalBettingProject-PersonalBettingProjectUITests/Pods-PersonalBettingProject-PersonalBettingProjectUITests-frameworks.sh\"\n";
			showEnvVarsInLog = 0;
		};
		E7046B40A0ECEB9A10EAED2C /* [CP] Check Pods Manifest.lock */ = {
			isa = PBXShellScriptBuildPhase;
			buildActionMask = 2147483647;
			files = (
			);
			inputFileListPaths = (
			);
			inputPaths = (
				"${PODS_PODFILE_DIR_PATH}/Podfile.lock",
				"${PODS_ROOT}/Manifest.lock",
			);
			name = "[CP] Check Pods Manifest.lock";
			outputFileListPaths = (
			);
			outputPaths = (
				"$(DERIVED_FILE_DIR)/Pods-PersonalBettingProject-checkManifestLockResult.txt",
			);
			runOnlyForDeploymentPostprocessing = 0;
			shellPath = /bin/sh;
			shellScript = "diff \"${PODS_PODFILE_DIR_PATH}/Podfile.lock\" \"${PODS_ROOT}/Manifest.lock\" > /dev/null\nif [ $? != 0 ] ; then\n    # print error to STDERR\n    echo \"error: The sandbox is not in sync with the Podfile.lock. Run 'pod install' or update your CocoaPods installation.\" >&2\n    exit 1\nfi\n# This output is used by Xcode 'outputs' to avoid re-running this script phase.\necho \"SUCCESS\" > \"${SCRIPT_OUTPUT_FILE_0}\"\n";
			showEnvVarsInLog = 0;
		};
		F884C7E65C94CA4BBC4117ED /* [CP] Check Pods Manifest.lock */ = {
			isa = PBXShellScriptBuildPhase;
			buildActionMask = 2147483647;
			files = (
			);
			inputFileListPaths = (
			);
			inputPaths = (
				"${PODS_PODFILE_DIR_PATH}/Podfile.lock",
				"${PODS_ROOT}/Manifest.lock",
			);
			name = "[CP] Check Pods Manifest.lock";
			outputFileListPaths = (
			);
			outputPaths = (
				"$(DERIVED_FILE_DIR)/Pods-PersonalBettingProjectTests-checkManifestLockResult.txt",
			);
			runOnlyForDeploymentPostprocessing = 0;
			shellPath = /bin/sh;
			shellScript = "diff \"${PODS_PODFILE_DIR_PATH}/Podfile.lock\" \"${PODS_ROOT}/Manifest.lock\" > /dev/null\nif [ $? != 0 ] ; then\n    # print error to STDERR\n    echo \"error: The sandbox is not in sync with the Podfile.lock. Run 'pod install' or update your CocoaPods installation.\" >&2\n    exit 1\nfi\n# This output is used by Xcode 'outputs' to avoid re-running this script phase.\necho \"SUCCESS\" > \"${SCRIPT_OUTPUT_FILE_0}\"\n";
			showEnvVarsInLog = 0;
		};
/* End PBXShellScriptBuildPhase section */

/* Begin PBXSourcesBuildPhase section */
		175D203E27D9E64900BCB00D /* Sources */ = {
			isa = PBXSourcesBuildPhase;
			buildActionMask = 2147483647;
			files = (
				175D204A27D9E64900BCB00D /* MainViewController.swift in Sources */,
				17F756DD27DB44F0003337D9 /* NetworkManagerError.swift in Sources */,
				175D204627D9E64900BCB00D /* AppDelegate.swift in Sources */,
				17F756D927DB4234003337D9 /* HTTPMethod.swift in Sources */,
				17F756E327DB49BE003337D9 /* BettingMatch.swift in Sources */,
				17F756EF27DB5B29003337D9 /* GenericViewController.swift in Sources */,
				17F756F127DB6F0C003337D9 /* NibNames.swift in Sources */,
				17CD321B27DB3F92004AADA1 /* NetworkManager.swift in Sources */,
				17F756DB27DB43EB003337D9 /* ServiceErrors.swift in Sources */,
				17F756EC27DB5AA3003337D9 /* HeaderView.swift in Sources */,
				175D204827D9E64900BCB00D /* SceneDelegate.swift in Sources */,
				17CD321927DB3E5B004AADA1 /* Constants.swift in Sources */,
				17F756D527DB41E7003337D9 /* NetworkManager+InternalExtension.swift in Sources */,
				17F756E027DB475C003337D9 /* BettingSports.swift in Sources */,
			);
			runOnlyForDeploymentPostprocessing = 0;
		};
		175D205427D9E64B00BCB00D /* Sources */ = {
			isa = PBXSourcesBuildPhase;
			buildActionMask = 2147483647;
			files = (
				175D205D27D9E64B00BCB00D /* PersonalBettingProjectTests.swift in Sources */,
			);
			runOnlyForDeploymentPostprocessing = 0;
		};
		175D205E27D9E64B00BCB00D /* Sources */ = {
			isa = PBXSourcesBuildPhase;
			buildActionMask = 2147483647;
			files = (
				175D206927D9E64B00BCB00D /* PersonalBettingProjectUITestsLaunchTests.swift in Sources */,
				175D206727D9E64B00BCB00D /* PersonalBettingProjectUITests.swift in Sources */,
			);
			runOnlyForDeploymentPostprocessing = 0;
		};
/* End PBXSourcesBuildPhase section */

/* Begin PBXTargetDependency section */
		175D205A27D9E64B00BCB00D /* PBXTargetDependency */ = {
			isa = PBXTargetDependency;
			target = 175D204127D9E64900BCB00D /* PersonalBettingProject */;
			targetProxy = 175D205927D9E64B00BCB00D /* PBXContainerItemProxy */;
		};
		175D206427D9E64B00BCB00D /* PBXTargetDependency */ = {
			isa = PBXTargetDependency;
			target = 175D204127D9E64900BCB00D /* PersonalBettingProject */;
			targetProxy = 175D206327D9E64B00BCB00D /* PBXContainerItemProxy */;
		};
/* End PBXTargetDependency section */

/* Begin PBXVariantGroup section */
		175D204B27D9E64900BCB00D /* Main.storyboard */ = {
			isa = PBXVariantGroup;
			children = (
				175D204C27D9E64900BCB00D /* Base */,
			);
			name = Main.storyboard;
			sourceTree = "<group>";
		};
		175D205027D9E64A00BCB00D /* LaunchScreen.storyboard */ = {
			isa = PBXVariantGroup;
			children = (
				175D205127D9E64A00BCB00D /* Base */,
			);
			name = LaunchScreen.storyboard;
			sourceTree = "<group>";
		};
/* End PBXVariantGroup section */

/* Begin XCBuildConfiguration section */
		175D206A27D9E64B00BCB00D /* Debug */ = {
			isa = XCBuildConfiguration;
			buildSettings = {
				ALWAYS_SEARCH_USER_PATHS = NO;
				CLANG_ANALYZER_NONNULL = YES;
				CLANG_ANALYZER_NUMBER_OBJECT_CONVERSION = YES_AGGRESSIVE;
				CLANG_CXX_LANGUAGE_STANDARD = "gnu++17";
				CLANG_CXX_LIBRARY = "libc++";
				CLANG_ENABLE_MODULES = YES;
				CLANG_ENABLE_OBJC_ARC = YES;
				CLANG_ENABLE_OBJC_WEAK = YES;
				CLANG_WARN_BLOCK_CAPTURE_AUTORELEASING = YES;
				CLANG_WARN_BOOL_CONVERSION = YES;
				CLANG_WARN_COMMA = YES;
				CLANG_WARN_CONSTANT_CONVERSION = YES;
				CLANG_WARN_DEPRECATED_OBJC_IMPLEMENTATIONS = YES;
				CLANG_WARN_DIRECT_OBJC_ISA_USAGE = YES_ERROR;
				CLANG_WARN_DOCUMENTATION_COMMENTS = YES;
				CLANG_WARN_EMPTY_BODY = YES;
				CLANG_WARN_ENUM_CONVERSION = YES;
				CLANG_WARN_INFINITE_RECURSION = YES;
				CLANG_WARN_INT_CONVERSION = YES;
				CLANG_WARN_NON_LITERAL_NULL_CONVERSION = YES;
				CLANG_WARN_OBJC_IMPLICIT_RETAIN_SELF = YES;
				CLANG_WARN_OBJC_LITERAL_CONVERSION = YES;
				CLANG_WARN_OBJC_ROOT_CLASS = YES_ERROR;
				CLANG_WARN_QUOTED_INCLUDE_IN_FRAMEWORK_HEADER = YES;
				CLANG_WARN_RANGE_LOOP_ANALYSIS = YES;
				CLANG_WARN_STRICT_PROTOTYPES = YES;
				CLANG_WARN_SUSPICIOUS_MOVE = YES;
				CLANG_WARN_UNGUARDED_AVAILABILITY = YES_AGGRESSIVE;
				CLANG_WARN_UNREACHABLE_CODE = YES;
				CLANG_WARN__DUPLICATE_METHOD_MATCH = YES;
				COPY_PHASE_STRIP = NO;
				DEBUG_INFORMATION_FORMAT = dwarf;
				ENABLE_STRICT_OBJC_MSGSEND = YES;
				ENABLE_TESTABILITY = YES;
				GCC_C_LANGUAGE_STANDARD = gnu11;
				GCC_DYNAMIC_NO_PIC = NO;
				GCC_NO_COMMON_BLOCKS = YES;
				GCC_OPTIMIZATION_LEVEL = 0;
				GCC_PREPROCESSOR_DEFINITIONS = (
					"DEBUG=1",
					"$(inherited)",
				);
				GCC_WARN_64_TO_32_BIT_CONVERSION = YES;
				GCC_WARN_ABOUT_RETURN_TYPE = YES_ERROR;
				GCC_WARN_UNDECLARED_SELECTOR = YES;
				GCC_WARN_UNINITIALIZED_AUTOS = YES_AGGRESSIVE;
				GCC_WARN_UNUSED_FUNCTION = YES;
				GCC_WARN_UNUSED_VARIABLE = YES;
				IPHONEOS_DEPLOYMENT_TARGET = 15.2;
				MTL_ENABLE_DEBUG_INFO = INCLUDE_SOURCE;
				MTL_FAST_MATH = YES;
				ONLY_ACTIVE_ARCH = YES;
				SDKROOT = iphoneos;
				SWIFT_ACTIVE_COMPILATION_CONDITIONS = DEBUG;
				SWIFT_OPTIMIZATION_LEVEL = "-Onone";
			};
			name = Debug;
		};
		175D206B27D9E64B00BCB00D /* Release */ = {
			isa = XCBuildConfiguration;
			buildSettings = {
				ALWAYS_SEARCH_USER_PATHS = NO;
				CLANG_ANALYZER_NONNULL = YES;
				CLANG_ANALYZER_NUMBER_OBJECT_CONVERSION = YES_AGGRESSIVE;
				CLANG_CXX_LANGUAGE_STANDARD = "gnu++17";
				CLANG_CXX_LIBRARY = "libc++";
				CLANG_ENABLE_MODULES = YES;
				CLANG_ENABLE_OBJC_ARC = YES;
				CLANG_ENABLE_OBJC_WEAK = YES;
				CLANG_WARN_BLOCK_CAPTURE_AUTORELEASING = YES;
				CLANG_WARN_BOOL_CONVERSION = YES;
				CLANG_WARN_COMMA = YES;
				CLANG_WARN_CONSTANT_CONVERSION = YES;
				CLANG_WARN_DEPRECATED_OBJC_IMPLEMENTATIONS = YES;
				CLANG_WARN_DIRECT_OBJC_ISA_USAGE = YES_ERROR;
				CLANG_WARN_DOCUMENTATION_COMMENTS = YES;
				CLANG_WARN_EMPTY_BODY = YES;
				CLANG_WARN_ENUM_CONVERSION = YES;
				CLANG_WARN_INFINITE_RECURSION = YES;
				CLANG_WARN_INT_CONVERSION = YES;
				CLANG_WARN_NON_LITERAL_NULL_CONVERSION = YES;
				CLANG_WARN_OBJC_IMPLICIT_RETAIN_SELF = YES;
				CLANG_WARN_OBJC_LITERAL_CONVERSION = YES;
				CLANG_WARN_OBJC_ROOT_CLASS = YES_ERROR;
				CLANG_WARN_QUOTED_INCLUDE_IN_FRAMEWORK_HEADER = YES;
				CLANG_WARN_RANGE_LOOP_ANALYSIS = YES;
				CLANG_WARN_STRICT_PROTOTYPES = YES;
				CLANG_WARN_SUSPICIOUS_MOVE = YES;
				CLANG_WARN_UNGUARDED_AVAILABILITY = YES_AGGRESSIVE;
				CLANG_WARN_UNREACHABLE_CODE = YES;
				CLANG_WARN__DUPLICATE_METHOD_MATCH = YES;
				COPY_PHASE_STRIP = NO;
				DEBUG_INFORMATION_FORMAT = "dwarf-with-dsym";
				ENABLE_NS_ASSERTIONS = NO;
				ENABLE_STRICT_OBJC_MSGSEND = YES;
				GCC_C_LANGUAGE_STANDARD = gnu11;
				GCC_NO_COMMON_BLOCKS = YES;
				GCC_WARN_64_TO_32_BIT_CONVERSION = YES;
				GCC_WARN_ABOUT_RETURN_TYPE = YES_ERROR;
				GCC_WARN_UNDECLARED_SELECTOR = YES;
				GCC_WARN_UNINITIALIZED_AUTOS = YES_AGGRESSIVE;
				GCC_WARN_UNUSED_FUNCTION = YES;
				GCC_WARN_UNUSED_VARIABLE = YES;
				IPHONEOS_DEPLOYMENT_TARGET = 15.2;
				MTL_ENABLE_DEBUG_INFO = NO;
				MTL_FAST_MATH = YES;
				SDKROOT = iphoneos;
				SWIFT_COMPILATION_MODE = wholemodule;
				SWIFT_OPTIMIZATION_LEVEL = "-O";
				VALIDATE_PRODUCT = YES;
			};
			name = Release;
		};
		175D206D27D9E64B00BCB00D /* Debug */ = {
			isa = XCBuildConfiguration;
			baseConfigurationReference = AABC4EC3599CD14483110E70 /* Pods-PersonalBettingProject.debug.xcconfig */;
			buildSettings = {
				ASSETCATALOG_COMPILER_APPICON_NAME = AppIcon;
				ASSETCATALOG_COMPILER_GLOBAL_ACCENT_COLOR_NAME = AccentColor;
				CODE_SIGN_STYLE = Automatic;
				CURRENT_PROJECT_VERSION = 1;
				DEVELOPMENT_TEAM = 7X48R5E6LJ;
				GENERATE_INFOPLIST_FILE = YES;
				INFOPLIST_FILE = PersonalBettingProject/Info.plist;
				INFOPLIST_KEY_UIApplicationSupportsIndirectInputEvents = YES;
				INFOPLIST_KEY_UILaunchStoryboardName = LaunchScreen;
				INFOPLIST_KEY_UIMainStoryboardFile = Main;
				INFOPLIST_KEY_UISupportedInterfaceOrientations_iPad = "UIInterfaceOrientationPortrait UIInterfaceOrientationPortraitUpsideDown UIInterfaceOrientationLandscapeLeft UIInterfaceOrientationLandscapeRight";
				INFOPLIST_KEY_UISupportedInterfaceOrientations_iPhone = "UIInterfaceOrientationPortrait UIInterfaceOrientationLandscapeLeft UIInterfaceOrientationLandscapeRight";
				IPHONEOS_DEPLOYMENT_TARGET = 12.0;
				LD_RUNPATH_SEARCH_PATHS = (
					"$(inherited)",
					"@executable_path/Frameworks",
				);
				MARKETING_VERSION = 1.0;
				PRODUCT_BUNDLE_IDENTIFIER = com.napps.PersonalBettingProject;
				PRODUCT_NAME = "$(TARGET_NAME)";
				SWIFT_EMIT_LOC_STRINGS = YES;
				SWIFT_VERSION = 5.0;
				TARGETED_DEVICE_FAMILY = "1,2";
			};
			name = Debug;
		};
		175D206E27D9E64B00BCB00D /* Release */ = {
			isa = XCBuildConfiguration;
			baseConfigurationReference = A8EBB73CD6700D99B26AC0E4 /* Pods-PersonalBettingProject.release.xcconfig */;
			buildSettings = {
				ASSETCATALOG_COMPILER_APPICON_NAME = AppIcon;
				ASSETCATALOG_COMPILER_GLOBAL_ACCENT_COLOR_NAME = AccentColor;
				CODE_SIGN_STYLE = Automatic;
				CURRENT_PROJECT_VERSION = 1;
				DEVELOPMENT_TEAM = 7X48R5E6LJ;
				GENERATE_INFOPLIST_FILE = YES;
				INFOPLIST_FILE = PersonalBettingProject/Info.plist;
				INFOPLIST_KEY_UIApplicationSupportsIndirectInputEvents = YES;
				INFOPLIST_KEY_UILaunchStoryboardName = LaunchScreen;
				INFOPLIST_KEY_UIMainStoryboardFile = Main;
				INFOPLIST_KEY_UISupportedInterfaceOrientations_iPad = "UIInterfaceOrientationPortrait UIInterfaceOrientationPortraitUpsideDown UIInterfaceOrientationLandscapeLeft UIInterfaceOrientationLandscapeRight";
				INFOPLIST_KEY_UISupportedInterfaceOrientations_iPhone = "UIInterfaceOrientationPortrait UIInterfaceOrientationLandscapeLeft UIInterfaceOrientationLandscapeRight";
				IPHONEOS_DEPLOYMENT_TARGET = 12.0;
				LD_RUNPATH_SEARCH_PATHS = (
					"$(inherited)",
					"@executable_path/Frameworks",
				);
				MARKETING_VERSION = 1.0;
				PRODUCT_BUNDLE_IDENTIFIER = com.napps.PersonalBettingProject;
				PRODUCT_NAME = "$(TARGET_NAME)";
				SWIFT_EMIT_LOC_STRINGS = YES;
				SWIFT_VERSION = 5.0;
				TARGETED_DEVICE_FAMILY = "1,2";
			};
			name = Release;
		};
		175D207027D9E64B00BCB00D /* Debug */ = {
			isa = XCBuildConfiguration;
			baseConfigurationReference = 911B69D95A269398386DC9EF /* Pods-PersonalBettingProjectTests.debug.xcconfig */;
			buildSettings = {
				ALWAYS_EMBED_SWIFT_STANDARD_LIBRARIES = YES;
				BUNDLE_LOADER = "$(TEST_HOST)";
				CODE_SIGN_STYLE = Automatic;
				CURRENT_PROJECT_VERSION = 1;
				GENERATE_INFOPLIST_FILE = YES;
				IPHONEOS_DEPLOYMENT_TARGET = 15.2;
				MARKETING_VERSION = 1.0;
				PRODUCT_BUNDLE_IDENTIFIER = com.napps.PersonalBettingProjectTests;
				PRODUCT_NAME = "$(TARGET_NAME)";
				SWIFT_EMIT_LOC_STRINGS = NO;
				SWIFT_VERSION = 5.0;
				TARGETED_DEVICE_FAMILY = "1,2";
				TEST_HOST = "$(BUILT_PRODUCTS_DIR)/PersonalBettingProject.app/PersonalBettingProject";
			};
			name = Debug;
		};
		175D207127D9E64B00BCB00D /* Release */ = {
			isa = XCBuildConfiguration;
			baseConfigurationReference = 6E6F9F05DF3657EE060DCF4C /* Pods-PersonalBettingProjectTests.release.xcconfig */;
			buildSettings = {
				ALWAYS_EMBED_SWIFT_STANDARD_LIBRARIES = YES;
				BUNDLE_LOADER = "$(TEST_HOST)";
				CODE_SIGN_STYLE = Automatic;
				CURRENT_PROJECT_VERSION = 1;
				GENERATE_INFOPLIST_FILE = YES;
				IPHONEOS_DEPLOYMENT_TARGET = 15.2;
				MARKETING_VERSION = 1.0;
				PRODUCT_BUNDLE_IDENTIFIER = com.napps.PersonalBettingProjectTests;
				PRODUCT_NAME = "$(TARGET_NAME)";
				SWIFT_EMIT_LOC_STRINGS = NO;
				SWIFT_VERSION = 5.0;
				TARGETED_DEVICE_FAMILY = "1,2";
				TEST_HOST = "$(BUILT_PRODUCTS_DIR)/PersonalBettingProject.app/PersonalBettingProject";
			};
			name = Release;
		};
		175D207327D9E64B00BCB00D /* Debug */ = {
			isa = XCBuildConfiguration;
			baseConfigurationReference = 4CDD5F8BA9A45F69C863F2C1 /* Pods-PersonalBettingProject-PersonalBettingProjectUITests.debug.xcconfig */;
			buildSettings = {
				ALWAYS_EMBED_SWIFT_STANDARD_LIBRARIES = YES;
				CODE_SIGN_STYLE = Automatic;
				CURRENT_PROJECT_VERSION = 1;
				GENERATE_INFOPLIST_FILE = YES;
				MARKETING_VERSION = 1.0;
				PRODUCT_BUNDLE_IDENTIFIER = com.napps.PersonalBettingProjectUITests;
				PRODUCT_NAME = "$(TARGET_NAME)";
				SWIFT_EMIT_LOC_STRINGS = NO;
				SWIFT_VERSION = 5.0;
				TARGETED_DEVICE_FAMILY = "1,2";
				TEST_TARGET_NAME = PersonalBettingProject;
			};
			name = Debug;
		};
		175D207427D9E64B00BCB00D /* Release */ = {
			isa = XCBuildConfiguration;
			baseConfigurationReference = 17F91F645B1FB2EC220F6477 /* Pods-PersonalBettingProject-PersonalBettingProjectUITests.release.xcconfig */;
			buildSettings = {
				ALWAYS_EMBED_SWIFT_STANDARD_LIBRARIES = YES;
				CODE_SIGN_STYLE = Automatic;
				CURRENT_PROJECT_VERSION = 1;
				GENERATE_INFOPLIST_FILE = YES;
				MARKETING_VERSION = 1.0;
				PRODUCT_BUNDLE_IDENTIFIER = com.napps.PersonalBettingProjectUITests;
				PRODUCT_NAME = "$(TARGET_NAME)";
				SWIFT_EMIT_LOC_STRINGS = NO;
				SWIFT_VERSION = 5.0;
				TARGETED_DEVICE_FAMILY = "1,2";
				TEST_TARGET_NAME = PersonalBettingProject;
			};
			name = Release;
		};
/* End XCBuildConfiguration section */

/* Begin XCConfigurationList section */
		175D203D27D9E64900BCB00D /* Build configuration list for PBXProject "PersonalBettingProject" */ = {
			isa = XCConfigurationList;
			buildConfigurations = (
				175D206A27D9E64B00BCB00D /* Debug */,
				175D206B27D9E64B00BCB00D /* Release */,
			);
			defaultConfigurationIsVisible = 0;
			defaultConfigurationName = Release;
		};
		175D206C27D9E64B00BCB00D /* Build configuration list for PBXNativeTarget "PersonalBettingProject" */ = {
			isa = XCConfigurationList;
			buildConfigurations = (
				175D206D27D9E64B00BCB00D /* Debug */,
				175D206E27D9E64B00BCB00D /* Release */,
			);
			defaultConfigurationIsVisible = 0;
			defaultConfigurationName = Release;
		};
		175D206F27D9E64B00BCB00D /* Build configuration list for PBXNativeTarget "PersonalBettingProjectTests" */ = {
			isa = XCConfigurationList;
			buildConfigurations = (
				175D207027D9E64B00BCB00D /* Debug */,
				175D207127D9E64B00BCB00D /* Release */,
			);
			defaultConfigurationIsVisible = 0;
			defaultConfigurationName = Release;
		};
		175D207227D9E64B00BCB00D /* Build configuration list for PBXNativeTarget "PersonalBettingProjectUITests" */ = {
			isa = XCConfigurationList;
			buildConfigurations = (
				175D207327D9E64B00BCB00D /* Debug */,
				175D207427D9E64B00BCB00D /* Release */,
			);
			defaultConfigurationIsVisible = 0;
			defaultConfigurationName = Release;
		};
/* End XCConfigurationList section */
	};
	rootObject = 175D203A27D9E64900BCB00D /* Project object */;
}
